
Microsoft Visual Studio Solution File, Format Version 12.00
# Visual Studio 15
VisualStudioVersion = 15.0.27703.2000
MinimumVisualStudioVersion = 10.0.40219.1
Project("{FAE04EC0-301F-11D3-BF4B-00C04F79EFBC}") = "PlayGroundAppV100", "PlayGroundApp\PlayGroundAppV100.csproj", "{E6B0375F-05D4-4C18-8DB6-61477886C645}"
EndProject
Project("{FAE04EC0-301F-11D3-BF4B-00C04F79EFBC}") = "cs201805 Variabler", "cs201805Variabler\cs201805 Variabler.csproj", "{80473E0D-7280-4054-8700-C3F0FDA0D1A6}"
EndProject
Project("{FAE04EC0-301F-11D3-BF4B-00C04F79EFBC}") = "cs201805 DateAndTime", "cs201805DateAndTime\cs201805 DateAndTime.csproj", "{11B94C5B-B016-4E19-9212-18D6DEA25E2F}"
EndProject
Project("{FAE04EC0-301F-11D3-BF4B-00C04F79EFBC}") = "cs201805 RefType", "cs201805RefVar\cs201805 RefType.csproj", "{652B892E-7E90-4489-AB14-9C956693D27F}"
EndProject
Project("{FAE04EC0-301F-11D3-BF4B-00C04F79EFBC}") = "cs201805 StringType", "cs201805StringType\cs201805 StringType.csproj", "{29A40C65-D30D-493D-9C46-B869D56B74EA}"
EndProject
Project("{FAE04EC0-301F-11D3-BF4B-00C04F79EFBC}") = "cs201805 10Tabel", "cs201805_10Tabel\cs201805 10Tabel.csproj", "{34B62C68-A855-4E8C-BB74-BCC821858D7E}"
EndProject
Project("{FAE04EC0-301F-11D3-BF4B-00C04F79EFBC}") = "cs201805 StackHeap", "cs201805stackHeap\cs201805 StackHeap.csproj", "{2C1EB5AD-EF50-4A32-9955-B66C70BF8937}"
EndProject
Project("{FAE04EC0-301F-11D3-BF4B-00C04F79EFBC}") = "cs201805 Metoder", "cs201805 metoder\cs201805 Metoder.csproj", "{E1BC8C2B-B5DD-4C78-9DAD-44C50ADA6F88}"
EndProject
Project("{FAE04EC0-301F-11D3-BF4B-00C04F79EFBC}") = "cs201805 OverLoad", "cs201805 OverLoad\cs201805 OverLoad.csproj", "{424F03F7-50F2-499A-A2E3-56CEE22650CE}"
EndProject
Project("{FAE04EC0-301F-11D3-BF4B-00C04F79EFBC}") = "cd201805 ArraySort", "cd201805 ArraySort\cd201805 ArraySort.csproj", "{7867EC94-C2D2-4B26-9EF3-A4FFEE233906}"
EndProject
Project("{FAE04EC0-301F-11D3-BF4B-00C04F79EFBC}") = "cs201806 OOP", "OOP\cs201806 OOP.csproj", "{191BDBF6-74D4-49D6-81F4-572ED508CEF4}"
EndProject
Global
	GlobalSection(SolutionConfigurationPlatforms) = preSolution
		Debug|Any CPU = Debug|Any CPU
		Release|Any CPU = Release|Any CPU
	EndGlobalSection
	GlobalSection(ProjectConfigurationPlatforms) = postSolution
		{E6B0375F-05D4-4C18-8DB6-61477886C645}.Debug|Any CPU.ActiveCfg = Debug|Any CPU
		{E6B0375F-05D4-4C18-8DB6-61477886C645}.Debug|Any CPU.Build.0 = Debug|Any CPU
		{E6B0375F-05D4-4C18-8DB6-61477886C645}.Release|Any CPU.ActiveCfg = Release|Any CPU
		{E6B0375F-05D4-4C18-8DB6-61477886C645}.Release|Any CPU.Build.0 = Release|Any CPU
		{80473E0D-7280-4054-8700-C3F0FDA0D1A6}.Debug|Any CPU.ActiveCfg = Debug|Any CPU
		{80473E0D-7280-4054-8700-C3F0FDA0D1A6}.Debug|Any CPU.Build.0 = Debug|Any CPU
		{80473E0D-7280-4054-8700-C3F0FDA0D1A6}.Release|Any CPU.ActiveCfg = Release|Any CPU
		{80473E0D-7280-4054-8700-C3F0FDA0D1A6}.Release|Any CPU.Build.0 = Release|Any CPU
		{11B94C5B-B016-4E19-9212-18D6DEA25E2F}.Debug|Any CPU.ActiveCfg = Debug|Any CPU
		{11B94C5B-B016-4E19-9212-18D6DEA25E2F}.Debug|Any CPU.Build.0 = Debug|Any CPU
		{11B94C5B-B016-4E19-9212-18D6DEA25E2F}.Release|Any CPU.ActiveCfg = Release|Any CPU
		{11B94C5B-B016-4E19-9212-18D6DEA25E2F}.Release|Any CPU.Build.0 = Release|Any CPU
		{652B892E-7E90-4489-AB14-9C956693D27F}.Debug|Any CPU.ActiveCfg = Debug|Any CPU
		{652B892E-7E90-4489-AB14-9C956693D27F}.Debug|Any CPU.Build.0 = Debug|Any CPU
		{652B892E-7E90-4489-AB14-9C956693D27F}.Release|Any CPU.ActiveCfg = Release|Any CPU
		{652B892E-7E90-4489-AB14-9C956693D27F}.Release|Any CPU.Build.0 = Release|Any CPU
		{29A40C65-D30D-493D-9C46-B869D56B74EA}.Debug|Any CPU.ActiveCfg = Debug|Any CPU
		{29A40C65-D30D-493D-9C46-B869D56B74EA}.Debug|Any CPU.Build.0 = Debug|Any CPU
		{29A40C65-D30D-493D-9C46-B869D56B74EA}.Release|Any CPU.ActiveCfg = Release|Any CPU
		{29A40C65-D30D-493D-9C46-B869D56B74EA}.Release|Any CPU.Build.0 = Release|Any CPU
		{34B62C68-A855-4E8C-BB74-BCC821858D7E}.Debug|Any CPU.ActiveCfg = Debug|Any CPU
		{34B62C68-A855-4E8C-BB74-BCC821858D7E}.Debug|Any CPU.Build.0 = Debug|Any CPU
		{34B62C68-A855-4E8C-BB74-BCC821858D7E}.Release|Any CPU.ActiveCfg = Release|Any CPU
		{34B62C68-A855-4E8C-BB74-BCC821858D7E}.Release|Any CPU.Build.0 = Release|Any CPU
		{2C1EB5AD-EF50-4A32-9955-B66C70BF8937}.Debug|Any CPU.ActiveCfg = Debug|Any CPU
		{2C1EB5AD-EF50-4A32-9955-B66C70BF8937}.Debug|Any CPU.Build.0 = Debug|Any CPU
		{2C1EB5AD-EF50-4A32-9955-B66C70BF8937}.Release|Any CPU.ActiveCfg = Release|Any CPU
		{2C1EB5AD-EF50-4A32-9955-B66C70BF8937}.Release|Any CPU.Build.0 = Release|Any CPU
		{E1BC8C2B-B5DD-4C78-9DAD-44C50ADA6F88}.Debug|Any CPU.ActiveCfg = Debug|Any CPU
		{E1BC8C2B-B5DD-4C78-9DAD-44C50ADA6F88}.Debug|Any CPU.Build.0 = Debug|Any CPU
		{E1BC8C2B-B5DD-4C78-9DAD-44C50ADA6F88}.Release|Any CPU.ActiveCfg = Release|Any CPU
		{E1BC8C2B-B5DD-4C78-9DAD-44C50ADA6F88}.Release|Any CPU.Build.0 = Release|Any CPU
		{424F03F7-50F2-499A-A2E3-56CEE22650CE}.Debug|Any CPU.ActiveCfg = Debug|Any CPU
		{424F03F7-50F2-499A-A2E3-56CEE22650CE}.Debug|Any CPU.Build.0 = Debug|Any CPU
		{424F03F7-50F2-499A-A2E3-56CEE22650CE}.Release|Any CPU.ActiveCfg = Release|Any CPU
		{424F03F7-50F2-499A-A2E3-56CEE22650CE}.Release|Any CPU.Build.0 = Release|Any CPU
		{7867EC94-C2D2-4B26-9EF3-A4FFEE233906}.Debug|Any CPU.ActiveCfg = Debug|Any CPU
		{7867EC94-C2D2-4B26-9EF3-A4FFEE233906}.Debug|Any CPU.Build.0 = Debug|Any CPU
		{7867EC94-C2D2-4B26-9EF3-A4FFEE233906}.Release|Any CPU.ActiveCfg = Release|Any CPU
		{7867EC94-C2D2-4B26-9EF3-A4FFEE233906}.Release|Any CPU.Build.0 = Release|Any CPU
		{191BDBF6-74D4-49D6-81F4-572ED508CEF4}.Debug|Any CPU.ActiveCfg = Debug|Any CPU
		{191BDBF6-74D4-49D6-81F4-572ED508CEF4}.Debug|Any CPU.Build.0 = Debug|Any CPU
		{191BDBF6-74D4-49D6-81F4-572ED508CEF4}.Release|Any CPU.ActiveCfg = Release|Any CPU
		{191BDBF6-74D4-49D6-81F4-572ED508CEF4}.Release|Any CPU.Build.0 = Release|Any CPU
	EndGlobalSection
	GlobalSection(SolutionProperties) = preSolution
		HideSolutionNode = FALSE
	EndGlobalSection
	GlobalSection(ExtensibilityGlobals) = postSolution
		SolutionGuid = {7E27F3EE-0939-44D1-A888-3CD17F2EC1D7}
	EndGlobalSection
EndGlobal
